PODS:
  - DTFoundation (1.7.2):
    - DTFoundation/AppKit (= 1.7.2)
    - DTFoundation/Core (= 1.7.2)
    - DTFoundation/DTAnimatedGIF (= 1.7.2)
    - DTFoundation/DTASN1 (= 1.7.2)
    - DTFoundation/DTAWS (= 1.7.2)
    - DTFoundation/DTHTMLParser (= 1.7.2)
    - DTFoundation/DTProgressHUD (= 1.7.2)
    - DTFoundation/DTReachability (= 1.7.2)
    - DTFoundation/DTSidePanel (= 1.7.2)
    - DTFoundation/DTSQLite (= 1.7.2)
    - DTFoundation/DTUTI (= 1.7.2)
    - DTFoundation/DTZipArchive (= 1.7.2)
    - DTFoundation/UIKit (= 1.7.2)
    - DTFoundation/UIKit_BlocksAdditions (= 1.7.2)
  - DTFoundation/Core (1.7.2)
  - DTFoundation/DTAnimatedGIF (1.7.2)
  - DTFoundation/DTASN1 (1.7.2):
    - DTFoundation/Core
  - DTFoundation/DTAWS (1.7.2):
    - DTFoundation/Core
  - DTFoundation/DTHTMLParser (1.7.2):
    - DTFoundation/Core
  - DTFoundation/DTProgressHUD (1.7.2):
    - DTFoundation/Core
    - DTFoundation/UIKit
  - DTFoundation/DTReachability (1.7.2):
    - DTFoundation/Core
  - DTFoundation/DTSidePanel (1.7.2):
    - DTFoundation/UIKit
  - DTFoundation/DTSQLite (1.7.2):
    - DTFoundation/Core
  - DTFoundation/DTUTI (1.7.2)
  - DTFoundation/DTZipArchive (1.7.2):
    - DTFoundation/DTZipArchive/Minizip (= 1.7.2)
  - DTFoundation/DTZipArchive/Minizip (1.7.2)
  - DTFoundation/UIKit (1.7.2):
    - DTFoundation/Core
  - DTFoundation/UIKit_BlocksAdditions (1.7.2):
    - DTFoundation/Core
  - FlurrySDK (5.4.0):
    - FlurrySDK/FlurrySDK (= 5.4.0)
  - FlurrySDK/FlurrySDK (5.4.0)
  - Google-Mobile-Ads-SDK (6.12.2)
  - IFATestingSupport (1.0.1):
    - OCHamcrest (~> 4)
    - OCMock (~> 3)
  - MWFeedParser (1.0.1):
    - MWFeedParser/FeedParser (= 1.0.1)
    - MWFeedParser/NSDate+InternetDateTime (= 1.0.1)
    - MWFeedParser/NSString+HTML (= 1.0.1)
  - MWFeedParser/FeedParser (1.0.1):
    - MWFeedParser/NSDate+InternetDateTime
    - MWFeedParser/NSString+HTML
  - MWFeedParser/NSDate+InternetDateTime (1.0.1)
  - MWFeedParser/NSString+HTML (1.0.1)
  - OCHamcrest (4.1.1)
  - OCMock (3.1.2)
  - ODRefreshControl (1.1.0)

DEPENDENCIES:
  - DTFoundation (= 1.7.2)
  - FlurrySDK
  - Google-Mobile-Ads-SDK (~> 6)
  - IFATestingSupport
  - MWFeedParser (= 1.0.1)
  - OCHamcrest
  - OCMock
  - ODRefreshControl (= 1.1.0)

SPEC CHECKSUMS:
  DTFoundation: fa01e6fa12f356c5d617d0a2311927ec4688b9f4
  FlurrySDK: 7f929b68dea38ce735979fb039229f62c0b697b5
  Google-Mobile-Ads-SDK: 40217793219e3466f24cb884d1d44023f37a20ee
  IFATestingSupport: 6c403fe2b2842315ba76193b8023d61050175e6a
  MWFeedParser: 2cf646014c1baf6ad1b08c480b40a08180079247
  OCHamcrest: 6f03ffa81d12feab872638490a44ab0a6d3aca10
  OCMock: a10ea9f0a6e921651f96f78b6faee95ebc813b92
  ODRefreshControl: 4c4c413bf70d2ea0c02a28ac0a0b3b4bf4dbfdea

COCOAPODS: 0.36.4
